# THIS IS AN AUTOGENERATED FILE. DO NOT EDIT THIS FILE DIRECTLY.
# yarn lockfile v1


"@types/node@^17.0.18":
  "integrity" "sha512-eKj4f/BsN/qcculZiRSujogjvp5O/k4lOW5m35NopjZM/QwLOR075a8pJW5hD+Rtdm2DaCVPENS6KtSQnUD6BA=="
  "resolved" "https://registry.npmjs.org/@types/node/-/node-17.0.18.tgz"
  "version" "17.0.18"

"yarn@^1.22.17":
  "integrity" "sha512-H0p241BXaH0UN9IeH//RT82tl5PfNraVpSpEoW+ET7lmopNC61eZ+A+IDvU8FM6Go5vx162SncDL8J1ZjRBriQ=="
  "resolved" "https://registry.npmjs.org/yarn/-/yarn-1.22.17.tgz"
  "version" "1.22.17"
